
Microsoft Visual Studio Solution File, Format Version 12.00
# Visual Studio 15
VisualStudioVersion = 15.0.27130.2010
MinimumVisualStudioVersion = 10.0.40219.1
Project("{FAE04EC0-301F-11D3-BF4B-00C04F79EFBC}") = "SppParserExcel", "SppParserExcel\SppParserExcel.csproj", "{E1C4B597-1B2B-4EF5-A37C-1E19643A0610}"
EndProject
Global
	GlobalSection(SolutionConfigurationPlatforms) = preSolution
		Debug|Any CPU = Debug|Any CPU
		Release|Any CPU = Release|Any CPU
	EndGlobalSection
	GlobalSection(ProjectConfigurationPlatforms) = postSolution
		{E1C4B597-1B2B-4EF5-A37C-1E19643A0610}.Debug|Any CPU.ActiveCfg = Debug|Any CPU
		{E1C4B597-1B2B-4EF5-A37C-1E19643A0610}.Debug|Any CPU.Build.0 = Debug|Any CPU
		{E1C4B597-1B2B-4EF5-A37C-1E19643A0610}.Release|Any CPU.ActiveCfg = Release|Any CPU
		{E1C4B597-1B2B-4EF5-A37C-1E19643A0610}.Release|Any CPU.Build.0 = Release|Any CPU
	EndGlobalSection
	GlobalSection(SolutionProperties) = preSolution
		HideSolutionNode = FALSE
	EndGlobalSection
	GlobalSection(ExtensibilityGlobals) = postSolution
		SolutionGuid = {2A4AF992-190D-46F7-BBF3-CF3CE7730D7A}
	EndGlobalSection
EndGlobal
